
Microsoft Visual Studio Solution File, Format Version 12.00
# Visual Studio Version 16
VisualStudioVersion = 16.0.30320.27
MinimumVisualStudioVersion = 10.0.40219.1
Project("{2150E333-8FDC-42A3-9474-1A3956D46DE8}") = "src", "src", "{295604BB-25FC-4CF8-B653-B8D848022678}"
EndProject
Project("{2150E333-8FDC-42A3-9474-1A3956D46DE8}") = "Building Blocks", "Building Blocks", "{E06C2E01-9FAF-463F-A2CF-2DC2C0123AC6}"
EndProject
Project("{2150E333-8FDC-42A3-9474-1A3956D46DE8}") = "Services", "Services", "{3A99BE76-2800-436A-BEB4-5E461A1D4DF6}"
EndProject
Project("{2150E333-8FDC-42A3-9474-1A3956D46DE8}") = "Web", "Web", "{52985840-385F-410E-8039-4E3A63A2DFC9}"
EndProject
Project("{2150E333-8FDC-42A3-9474-1A3956D46DE8}") = "Identidade", "Identidade", "{F1CAB455-E4F9-40BA-BAC6-3C394BEBEC77}"
EndProject
Project("{9A19103F-16F7-4668-BE54-9A1E7A4F7556}") = "EcMic.Identidade.API", "src\services\EcMic.Identidade.Api\EcMic.Identidade.API.csproj", "{8F58488D-3270-4ECF-A08D-770D7CFF0DDC}"
EndProject
Project("{2150E333-8FDC-42A3-9474-1A3956D46DE8}") = "MVC", "MVC", "{B593CDD3-30FB-4CDD-9F4D-2D0947FDEF82}"
EndProject
Project("{9A19103F-16F7-4668-BE54-9A1E7A4F7556}") = "EcMic.WebApp.MVC", "src\web\EcMic.WebApp.MVC\EcMic.WebApp.MVC.csproj", "{F5C488B2-7E74-4FA1-A215-C35700CAD1B7}"
EndProject
Project("{2150E333-8FDC-42A3-9474-1A3956D46DE8}") = "Core", "Core", "{2C6A8520-EFE6-4F46-9135-E1EFC59A7149}"
EndProject
Project("{9A19103F-16F7-4668-BE54-9A1E7A4F7556}") = "EcMic.Core", "src\building blocks\EcMic.Core\EcMic.Core.csproj", "{D82A803D-5F3C-4745-A80B-F6F56E1EDAA1}"
EndProject
Project("{2150E333-8FDC-42A3-9474-1A3956D46DE8}") = "Carrinho", "Carrinho", "{ECAEF697-6C0E-42CB-942A-12408B211379}"
EndProject
Project("{2150E333-8FDC-42A3-9474-1A3956D46DE8}") = "Catalogo", "Catalogo", "{0D7B44E3-39FC-4203-951A-4B04119AAA5C}"
EndProject
Project("{2150E333-8FDC-42A3-9474-1A3956D46DE8}") = "Cliente", "Cliente", "{EC36F64C-1F96-464F-916E-4423E3F1D388}"
EndProject
Project("{2150E333-8FDC-42A3-9474-1A3956D46DE8}") = "Pagamento", "Pagamento", "{FB099F58-2728-44F6-A290-53676E2BFC54}"
EndProject
Project("{2150E333-8FDC-42A3-9474-1A3956D46DE8}") = "Pedido", "Pedido", "{795F3319-64A7-4FB2-AEDD-D86E00E0886C}"
EndProject
Project("{9A19103F-16F7-4668-BE54-9A1E7A4F7556}") = "EcMic.Carrinho.API", "src\services\EcMic.Carrinho.API\EcMic.Carrinho.API.csproj", "{9A2F27A8-1319-432D-8C63-0E27E90C93F4}"
EndProject
Project("{9A19103F-16F7-4668-BE54-9A1E7A4F7556}") = "EcMic.Catalogo.API", "src\services\EcMic.Catalogo.API\EcMic.Catalogo.API.csproj", "{97B0406B-58BC-4D6A-8742-807EE8264332}"
EndProject
Project("{9A19103F-16F7-4668-BE54-9A1E7A4F7556}") = "EcMic.Clientes.API", "src\services\EcMic.Cliente.API\EcMic.Clientes.API.csproj", "{13AF17E0-E7F6-4DE4-9BA5-65D76E07B9F8}"
EndProject
Project("{9A19103F-16F7-4668-BE54-9A1E7A4F7556}") = "EcMic.Pagamento.API", "src\services\EcMic.Pagamento.API\EcMic.Pagamento.API.csproj", "{F4CEAA3E-D8F2-47B3-9BE1-39B6680A4573}"
EndProject
Project("{9A19103F-16F7-4668-BE54-9A1E7A4F7556}") = "EcMic.Pedido.API", "src\services\EcMic.Pedido.API\EcMic.Pedido.API.csproj", "{51C71DDC-EC37-4F9A-83DC-23C36F6A3CE0}"
EndProject
Project("{2150E333-8FDC-42A3-9474-1A3956D46DE8}") = "Services", "Services", "{6C0A55BC-F2DD-41C4-97CD-782BB1456539}"
EndProject
Project("{9A19103F-16F7-4668-BE54-9A1E7A4F7556}") = "EMic.WebApi.Core", "src\building blocks\EMic.WebApi.Core\EMic.WebApi.Core.csproj", "{E4BA7BEA-1887-40C2-8846-09263229488E}"
EndProject
Project("{2150E333-8FDC-42A3-9474-1A3956D46DE8}") = "MessageBus", "MessageBus", "{2A734B51-4946-45A1-A7F5-9B8B524A45C5}"
EndProject
Project("{9A19103F-16F7-4668-BE54-9A1E7A4F7556}") = "EcMic.MessageBus", "src\building blocks\EcMic.MessageBus\EcMic.MessageBus.csproj", "{008F80EA-2E25-4132-9E80-F21DACFF9D93}"
EndProject
Project("{2150E333-8FDC-42A3-9474-1A3956D46DE8}") = "ApiGateways", "ApiGateways", "{9F3E309B-5D5F-49AE-833B-9E33B71EC383}"
EndProject
Project("{2150E333-8FDC-42A3-9474-1A3956D46DE8}") = "Compras", "Compras", "{CED534F4-A12B-4E79-ABC4-E3C8ECCEDF3B}"
EndProject
Project("{9A19103F-16F7-4668-BE54-9A1E7A4F7556}") = "EcMic.Bff.Compras", "src\api gateways\EcMic.Bff.Compras\EcMic.Bff.Compras.csproj", "{226F2FBC-9415-4F93-BA0A-A79031BDC458}"
EndProject
Project("{FAE04EC0-301F-11D3-BF4B-00C04F79EFBC}") = "EcMic.Pedido.Domain", "src\services\EcMic.Pedido.Domain\EcMic.Pedido.Domain.csproj", "{D7B3A1BB-90D9-4B25-A181-10632E25A4D3}"
EndProject
Project("{FAE04EC0-301F-11D3-BF4B-00C04F79EFBC}") = "EcMic.Pedido.Infra", "src\services\EcMic.Pedido.Infra\EcMic.Pedido.Infra.csproj", "{D98FB658-7CCC-4C2E-BEFB-963816C8B441}"
EndProject
Global
	GlobalSection(SolutionConfigurationPlatforms) = preSolution
		Debug|Any CPU = Debug|Any CPU
		Release|Any CPU = Release|Any CPU
	EndGlobalSection
	GlobalSection(ProjectConfigurationPlatforms) = postSolution
		{8F58488D-3270-4ECF-A08D-770D7CFF0DDC}.Debug|Any CPU.ActiveCfg = Debug|Any CPU
		{8F58488D-3270-4ECF-A08D-770D7CFF0DDC}.Debug|Any CPU.Build.0 = Debug|Any CPU
		{8F58488D-3270-4ECF-A08D-770D7CFF0DDC}.Release|Any CPU.ActiveCfg = Release|Any CPU
		{8F58488D-3270-4ECF-A08D-770D7CFF0DDC}.Release|Any CPU.Build.0 = Release|Any CPU
		{F5C488B2-7E74-4FA1-A215-C35700CAD1B7}.Debug|Any CPU.ActiveCfg = Debug|Any CPU
		{F5C488B2-7E74-4FA1-A215-C35700CAD1B7}.Debug|Any CPU.Build.0 = Debug|Any CPU
		{F5C488B2-7E74-4FA1-A215-C35700CAD1B7}.Release|Any CPU.ActiveCfg = Release|Any CPU
		{F5C488B2-7E74-4FA1-A215-C35700CAD1B7}.Release|Any CPU.Build.0 = Release|Any CPU
		{D82A803D-5F3C-4745-A80B-F6F56E1EDAA1}.Debug|Any CPU.ActiveCfg = Debug|Any CPU
		{D82A803D-5F3C-4745-A80B-F6F56E1EDAA1}.Debug|Any CPU.Build.0 = Debug|Any CPU
		{D82A803D-5F3C-4745-A80B-F6F56E1EDAA1}.Release|Any CPU.ActiveCfg = Release|Any CPU
		{D82A803D-5F3C-4745-A80B-F6F56E1EDAA1}.Release|Any CPU.Build.0 = Release|Any CPU
		{9A2F27A8-1319-432D-8C63-0E27E90C93F4}.Debug|Any CPU.ActiveCfg = Debug|Any CPU
		{9A2F27A8-1319-432D-8C63-0E27E90C93F4}.Debug|Any CPU.Build.0 = Debug|Any CPU
		{9A2F27A8-1319-432D-8C63-0E27E90C93F4}.Release|Any CPU.ActiveCfg = Release|Any CPU
		{9A2F27A8-1319-432D-8C63-0E27E90C93F4}.Release|Any CPU.Build.0 = Release|Any CPU
		{97B0406B-58BC-4D6A-8742-807EE8264332}.Debug|Any CPU.ActiveCfg = Debug|Any CPU
		{97B0406B-58BC-4D6A-8742-807EE8264332}.Debug|Any CPU.Build.0 = Debug|Any CPU
		{97B0406B-58BC-4D6A-8742-807EE8264332}.Release|Any CPU.ActiveCfg = Release|Any CPU
		{97B0406B-58BC-4D6A-8742-807EE8264332}.Release|Any CPU.Build.0 = Release|Any CPU
		{13AF17E0-E7F6-4DE4-9BA5-65D76E07B9F8}.Debug|Any CPU.ActiveCfg = Debug|Any CPU
		{13AF17E0-E7F6-4DE4-9BA5-65D76E07B9F8}.Debug|Any CPU.Build.0 = Debug|Any CPU
		{13AF17E0-E7F6-4DE4-9BA5-65D76E07B9F8}.Release|Any CPU.ActiveCfg = Release|Any CPU
		{13AF17E0-E7F6-4DE4-9BA5-65D76E07B9F8}.Release|Any CPU.Build.0 = Release|Any CPU
		{F4CEAA3E-D8F2-47B3-9BE1-39B6680A4573}.Debug|Any CPU.ActiveCfg = Debug|Any CPU
		{F4CEAA3E-D8F2-47B3-9BE1-39B6680A4573}.Debug|Any CPU.Build.0 = Debug|Any CPU
		{F4CEAA3E-D8F2-47B3-9BE1-39B6680A4573}.Release|Any CPU.ActiveCfg = Release|Any CPU
		{F4CEAA3E-D8F2-47B3-9BE1-39B6680A4573}.Release|Any CPU.Build.0 = Release|Any CPU
		{51C71DDC-EC37-4F9A-83DC-23C36F6A3CE0}.Debug|Any CPU.ActiveCfg = Debug|Any CPU
		{51C71DDC-EC37-4F9A-83DC-23C36F6A3CE0}.Debug|Any CPU.Build.0 = Debug|Any CPU
		{51C71DDC-EC37-4F9A-83DC-23C36F6A3CE0}.Release|Any CPU.ActiveCfg = Release|Any CPU
		{51C71DDC-EC37-4F9A-83DC-23C36F6A3CE0}.Release|Any CPU.Build.0 = Release|Any CPU
		{E4BA7BEA-1887-40C2-8846-09263229488E}.Debug|Any CPU.ActiveCfg = Debug|Any CPU
		{E4BA7BEA-1887-40C2-8846-09263229488E}.Debug|Any CPU.Build.0 = Debug|Any CPU
		{E4BA7BEA-1887-40C2-8846-09263229488E}.Release|Any CPU.ActiveCfg = Release|Any CPU
		{E4BA7BEA-1887-40C2-8846-09263229488E}.Release|Any CPU.Build.0 = Release|Any CPU
		{008F80EA-2E25-4132-9E80-F21DACFF9D93}.Debug|Any CPU.ActiveCfg = Debug|Any CPU
		{008F80EA-2E25-4132-9E80-F21DACFF9D93}.Debug|Any CPU.Build.0 = Debug|Any CPU
		{008F80EA-2E25-4132-9E80-F21DACFF9D93}.Release|Any CPU.ActiveCfg = Release|Any CPU
		{008F80EA-2E25-4132-9E80-F21DACFF9D93}.Release|Any CPU.Build.0 = Release|Any CPU
		{226F2FBC-9415-4F93-BA0A-A79031BDC458}.Debug|Any CPU.ActiveCfg = Debug|Any CPU
		{226F2FBC-9415-4F93-BA0A-A79031BDC458}.Debug|Any CPU.Build.0 = Debug|Any CPU
		{226F2FBC-9415-4F93-BA0A-A79031BDC458}.Release|Any CPU.ActiveCfg = Release|Any CPU
		{226F2FBC-9415-4F93-BA0A-A79031BDC458}.Release|Any CPU.Build.0 = Release|Any CPU
		{D7B3A1BB-90D9-4B25-A181-10632E25A4D3}.Debug|Any CPU.ActiveCfg = Debug|Any CPU
		{D7B3A1BB-90D9-4B25-A181-10632E25A4D3}.Debug|Any CPU.Build.0 = Debug|Any CPU
		{D7B3A1BB-90D9-4B25-A181-10632E25A4D3}.Release|Any CPU.ActiveCfg = Release|Any CPU
		{D7B3A1BB-90D9-4B25-A181-10632E25A4D3}.Release|Any CPU.Build.0 = Release|Any CPU
		{D98FB658-7CCC-4C2E-BEFB-963816C8B441}.Debug|Any CPU.ActiveCfg = Debug|Any CPU
		{D98FB658-7CCC-4C2E-BEFB-963816C8B441}.Debug|Any CPU.Build.0 = Debug|Any CPU
		{D98FB658-7CCC-4C2E-BEFB-963816C8B441}.Release|Any CPU.ActiveCfg = Release|Any CPU
		{D98FB658-7CCC-4C2E-BEFB-963816C8B441}.Release|Any CPU.Build.0 = Release|Any CPU
	EndGlobalSection
	GlobalSection(SolutionProperties) = preSolution
		HideSolutionNode = FALSE
	EndGlobalSection
	GlobalSection(NestedProjects) = preSolution
		{E06C2E01-9FAF-463F-A2CF-2DC2C0123AC6} = {295604BB-25FC-4CF8-B653-B8D848022678}
		{3A99BE76-2800-436A-BEB4-5E461A1D4DF6} = {295604BB-25FC-4CF8-B653-B8D848022678}
		{52985840-385F-410E-8039-4E3A63A2DFC9} = {295604BB-25FC-4CF8-B653-B8D848022678}
		{F1CAB455-E4F9-40BA-BAC6-3C394BEBEC77} = {3A99BE76-2800-436A-BEB4-5E461A1D4DF6}
		{8F58488D-3270-4ECF-A08D-770D7CFF0DDC} = {F1CAB455-E4F9-40BA-BAC6-3C394BEBEC77}
		{B593CDD3-30FB-4CDD-9F4D-2D0947FDEF82} = {52985840-385F-410E-8039-4E3A63A2DFC9}
		{F5C488B2-7E74-4FA1-A215-C35700CAD1B7} = {B593CDD3-30FB-4CDD-9F4D-2D0947FDEF82}
		{2C6A8520-EFE6-4F46-9135-E1EFC59A7149} = {E06C2E01-9FAF-463F-A2CF-2DC2C0123AC6}
		{D82A803D-5F3C-4745-A80B-F6F56E1EDAA1} = {2C6A8520-EFE6-4F46-9135-E1EFC59A7149}
		{ECAEF697-6C0E-42CB-942A-12408B211379} = {3A99BE76-2800-436A-BEB4-5E461A1D4DF6}
		{0D7B44E3-39FC-4203-951A-4B04119AAA5C} = {3A99BE76-2800-436A-BEB4-5E461A1D4DF6}
		{EC36F64C-1F96-464F-916E-4423E3F1D388} = {3A99BE76-2800-436A-BEB4-5E461A1D4DF6}
		{FB099F58-2728-44F6-A290-53676E2BFC54} = {3A99BE76-2800-436A-BEB4-5E461A1D4DF6}
		{795F3319-64A7-4FB2-AEDD-D86E00E0886C} = {3A99BE76-2800-436A-BEB4-5E461A1D4DF6}
		{9A2F27A8-1319-432D-8C63-0E27E90C93F4} = {ECAEF697-6C0E-42CB-942A-12408B211379}
		{97B0406B-58BC-4D6A-8742-807EE8264332} = {0D7B44E3-39FC-4203-951A-4B04119AAA5C}
		{13AF17E0-E7F6-4DE4-9BA5-65D76E07B9F8} = {EC36F64C-1F96-464F-916E-4423E3F1D388}
		{F4CEAA3E-D8F2-47B3-9BE1-39B6680A4573} = {FB099F58-2728-44F6-A290-53676E2BFC54}
		{51C71DDC-EC37-4F9A-83DC-23C36F6A3CE0} = {795F3319-64A7-4FB2-AEDD-D86E00E0886C}
		{6C0A55BC-F2DD-41C4-97CD-782BB1456539} = {E06C2E01-9FAF-463F-A2CF-2DC2C0123AC6}
		{E4BA7BEA-1887-40C2-8846-09263229488E} = {6C0A55BC-F2DD-41C4-97CD-782BB1456539}
		{2A734B51-4946-45A1-A7F5-9B8B524A45C5} = {E06C2E01-9FAF-463F-A2CF-2DC2C0123AC6}
		{008F80EA-2E25-4132-9E80-F21DACFF9D93} = {2A734B51-4946-45A1-A7F5-9B8B524A45C5}
		{9F3E309B-5D5F-49AE-833B-9E33B71EC383} = {295604BB-25FC-4CF8-B653-B8D848022678}
		{CED534F4-A12B-4E79-ABC4-E3C8ECCEDF3B} = {9F3E309B-5D5F-49AE-833B-9E33B71EC383}
		{226F2FBC-9415-4F93-BA0A-A79031BDC458} = {CED534F4-A12B-4E79-ABC4-E3C8ECCEDF3B}
		{D7B3A1BB-90D9-4B25-A181-10632E25A4D3} = {795F3319-64A7-4FB2-AEDD-D86E00E0886C}
		{D98FB658-7CCC-4C2E-BEFB-963816C8B441} = {795F3319-64A7-4FB2-AEDD-D86E00E0886C}
	EndGlobalSection
	GlobalSection(ExtensibilityGlobals) = postSolution
		SolutionGuid = {2A2C95FB-6083-402A-A47E-7FD3A2304C15}
	EndGlobalSection
EndGlobal
